// !$*UTF8*$!
{
	archiveVersion = 1;
	classes = {
	};
	objectVersion = 50;
	objects = {

/* Begin PBXBuildFile section */
		6DEB2E9822B4945E00D311C2 /* AppDelegate.swift in Sources */ = {isa = PBXBuildFile; fileRef = 6DEB2E9722B4945E00D311C2 /* AppDelegate.swift */; };
		6DEB2E9A22B4945E00D311C2 /* ViewController.swift in Sources */ = {isa = PBXBuildFile; fileRef = 6DEB2E9922B4945E00D311C2 /* ViewController.swift */; };
		6DEB2E9D22B4945E00D311C2 /* Main.storyboard in Resources */ = {isa = PBXBuildFile; fileRef = 6DEB2E9B22B4945E00D311C2 /* Main.storyboard */; };
		6DEB2E9F22B4945F00D311C2 /* Assets.xcassets in Resources */ = {isa = PBXBuildFile; fileRef = 6DEB2E9E22B4945F00D311C2 /* Assets.xcassets */; };
		6DEB2EA222B4945F00D311C2 /* LaunchScreen.storyboard in Resources */ = {isa = PBXBuildFile; fileRef = 6DEB2EA022B4945F00D311C2 /* LaunchScreen.storyboard */; };
		6DEB2EAD22B4945F00D311C2 /* CarLoversTests.swift in Sources */ = {isa = PBXBuildFile; fileRef = 6DEB2EAC22B4945F00D311C2 /* CarLoversTests.swift */; };
		6DEB2EB822B4945F00D311C2 /* CarLoversUITests.swift in Sources */ = {isa = PBXBuildFile; fileRef = 6DEB2EB722B4945F00D311C2 /* CarLoversUITests.swift */; };
/* End PBXBuildFile section */

/* Begin PBXContainerItemProxy section */
		6DEB2EA922B4945F00D311C2 /* PBXContainerItemProxy */ = {
			isa = PBXContainerItemProxy;
			containerPortal = 6DEB2E8C22B4945E00D311C2 /* Project object */;
			proxyType = 1;
			remoteGlobalIDString = 6DEB2E9322B4945E00D311C2;
			remoteInfo = CarLovers;
		};
		6DEB2EB422B4945F00D311C2 /* PBXContainerItemProxy */ = {
			isa = PBXContainerItemProxy;
			containerPortal = 6DEB2E8C22B4945E00D311C2 /* Project object */;
			proxyType = 1;
			remoteGlobalIDString = 6DEB2E9322B4945E00D311C2;
			remoteInfo = CarLovers;
		};
/* End PBXContainerItemProxy section */

/* Begin PBXFileReference section */
		6DEB2E9422B4945E00D311C2 /* CarLovers.app */ = {isa = PBXFileReference; explicitFileType = wrapper.application; includeInIndex = 0; path = CarLovers.app; sourceTree = BUILT_PRODUCTS_DIR; };
		6DEB2E9722B4945E00D311C2 /* AppDelegate.swift */ = {isa = PBXFileReference; lastKnownFileType = sourcecode.swift; path = AppDelegate.swift; sourceTree = "<group>"; };
		6DEB2E9922B4945E00D311C2 /* ViewController.swift */ = {isa = PBXFileReference; lastKnownFileType = sourcecode.swift; path = ViewController.swift; sourceTree = "<group>"; };
		6DEB2E9C22B4945E00D311C2 /* Base */ = {isa = PBXFileReference; lastKnownFileType = file.storyboard; name = Base; path = Base.lproj/Main.storyboard; sourceTree = "<group>"; };
		6DEB2E9E22B4945F00D311C2 /* Assets.xcassets */ = {isa = PBXFileReference; lastKnownFileType = folder.assetcatalog; path = Assets.xcassets; sourceTree = "<group>"; };
		6DEB2EA122B4945F00D311C2 /* Base */ = {isa = PBXFileReference; lastKnownFileType = file.storyboard; name = Base; path = Base.lproj/LaunchScreen.storyboard; sourceTree = "<group>"; };
		6DEB2EA322B4945F00D311C2 /* Info.plist */ = {isa = PBXFileReference; lastKnownFileType = text.plist.xml; path = Info.plist; sourceTree = "<group>"; };
		6DEB2EA822B4945F00D311C2 /* CarLoversTests.xctest */ = {isa = PBXFileReference; explicitFileType = wrapper.cfbundle; includeInIndex = 0; path = CarLoversTests.xctest; sourceTree = BUILT_PRODUCTS_DIR; };
		6DEB2EAC22B4945F00D311C2 /* CarLoversTests.swift */ = {isa = PBXFileReference; lastKnownFileType = sourcecode.swift; path = CarLoversTests.swift; sourceTree = "<group>"; };
		6DEB2EAE22B4945F00D311C2 /* Info.plist */ = {isa = PBXFileReference; lastKnownFileType = text.plist.xml; path = Info.plist; sourceTree = "<group>"; };
		6DEB2EB322B4945F00D311C2 /* CarLoversUITests.xctest */ = {isa = PBXFileReference; explicitFileType = wrapper.cfbundle; includeInIndex = 0; path = CarLoversUITests.xctest; sourceTree = BUILT_PRODUCTS_DIR; };
		6DEB2EB722B4945F00D311C2 /* CarLoversUITests.swift */ = {isa = PBXFileReference; lastKnownFileType = sourcecode.swift; path = CarLoversUITests.swift; sourceTree = "<group>"; };
		6DEB2EB922B4945F00D311C2 /* Info.plist */ = {isa = PBXFileReference; lastKnownFileType = text.plist.xml; path = Info.plist; sourceTree = "<group>"; };
/* End PBXFileReference section */

/* Begin PBXFrameworksBuildPhase section */
		6DEB2E9122B4945E00D311C2 /* Frameworks */ = {
			isa = PBXFrameworksBuildPhase;
			buildActionMask = 2147483647;
			files = (
			);
			runOnlyForDeploymentPostprocessing = 0;
		};
		6DEB2EA522B4945F00D311C2 /* Frameworks */ = {
			isa = PBXFrameworksBuildPhase;
			buildActionMask = 2147483647;
			files = (
			);
			runOnlyForDeploymentPostprocessing = 0;
		};
		6DEB2EB022B4945F00D311C2 /* Frameworks */ = {
			isa = PBXFrameworksBuildPhase;
			buildActionMask = 2147483647;
			files = (
			);
			runOnlyForDeploymentPostprocessing = 0;
		};
/* End PBXFrameworksBuildPhase section */

/* Begin PBXGroup section */
		6DEB2E8B22B4945E00D311C2 = {
			isa = PBXGroup;
			children = (
				6DEB2E9622B4945E00D311C2 /* CarLovers */,
				6DEB2EAB22B4945F00D311C2 /* CarLoversTests */,
				6DEB2EB622B4945F00D311C2 /* CarLoversUITests */,
				6DEB2E9522B4945E00D311C2 /* Products */,
			);
			sourceTree = "<group>";
		};
		6DEB2E9522B4945E00D311C2 /* Products */ = {
			isa = PBXGroup;
			children = (
				6DEB2E9422B4945E00D311C2 /* CarLovers.app */,
				6DEB2EA822B4945F00D311C2 /* CarLoversTests.xctest */,
				6DEB2EB322B4945F00D311C2 /* CarLoversUITests.xctest */,
			);
			name = Products;
			sourceTree = "<group>";
		};
		6DEB2E9622B4945E00D311C2 /* CarLovers */ = {
			isa = PBXGroup;
			children = (
				6DEB2E9722B4945E00D311C2 /* AppDelegate.swift */,
				6DEB2E9922B4945E00D311C2 /* ViewController.swift */,
				6DEB2E9B22B4945E00D311C2 /* Main.storyboard */,
				6DEB2E9E22B4945F00D311C2 /* Assets.xcassets */,
				6DEB2EA022B4945F00D311C2 /* LaunchScreen.storyboard */,
				6DEB2EA322B4945F00D311C2 /* Info.plist */,
			);
			path = CarLovers;
			sourceTree = "<group>";
		};
		6DEB2EAB22B4945F00D311C2 /* CarLoversTests */ = {
			isa = PBXGroup;
			children = (
				6DEB2EAC22B4945F00D311C2 /* CarLoversTests.swift */,
				6DEB2EAE22B4945F00D311C2 /* Info.plist */,
			);
			path = CarLoversTests;
			sourceTree = "<group>";
		};
		6DEB2EB622B4945F00D311C2 /* CarLoversUITests */ = {
			isa = PBXGroup;
			children = (
				6DEB2EB722B4945F00D311C2 /* CarLoversUITests.swift */,
				6DEB2EB922B4945F00D311C2 /* Info.plist */,
			);
			path = CarLoversUITests;
			sourceTree = "<group>";
		};
/* End PBXGroup section */

/* Begin PBXNativeTarget section */
		6DEB2E9322B4945E00D311C2 /* CarLovers */ = {
			isa = PBXNativeTarget;
			buildConfigurationList = 6DEB2EBC22B4945F00D311C2 /* Build configuration list for PBXNativeTarget "CarLovers" */;
			buildPhases = (
				6DEB2E9022B4945E00D311C2 /* Sources */,
				6DEB2E9122B4945E00D311C2 /* Frameworks */,
				6DEB2E9222B4945E00D311C2 /* Resources */,
			);
			buildRules = (
			);
			dependencies = (
			);
			name = CarLovers;
			productName = CarLovers;
			productReference = 6DEB2E9422B4945E00D311C2 /* CarLovers.app */;
			productType = "com.apple.product-type.application";
		};
		6DEB2EA722B4945F00D311C2 /* CarLoversTests */ = {
			isa = PBXNativeTarget;
			buildConfigurationList = 6DEB2EBF22B4945F00D311C2 /* Build configuration list for PBXNativeTarget "CarLoversTests" */;
			buildPhases = (
				6DEB2EA422B4945F00D311C2 /* Sources */,
				6DEB2EA522B4945F00D311C2 /* Frameworks */,
				6DEB2EA622B4945F00D311C2 /* Resources */,
			);
			buildRules = (
			);
			dependencies = (
				6DEB2EAA22B4945F00D311C2 /* PBXTargetDependency */,
			);
			name = CarLoversTests;
			productName = CarLoversTests;
			productReference = 6DEB2EA822B4945F00D311C2 /* CarLoversTests.xctest */;
			productType = "com.apple.product-type.bundle.unit-test";
		};
		6DEB2EB222B4945F00D311C2 /* CarLoversUITests */ = {
			isa = PBXNativeTarget;
			buildConfigurationList = 6DEB2EC222B4945F00D311C2 /* Build configuration list for PBXNativeTarget "CarLoversUITests" */;
			buildPhases = (
				6DEB2EAF22B4945F00D311C2 /* Sources */,
				6DEB2EB022B4945F00D311C2 /* Frameworks */,
				6DEB2EB122B4945F00D311C2 /* Resources */,
			);
			buildRules = (
			);
			dependencies = (
				6DEB2EB522B4945F00D311C2 /* PBXTargetDependency */,
			);
			name = CarLoversUITests;
			productName = CarLoversUITests;
			productReference = 6DEB2EB322B4945F00D311C2 /* CarLoversUITests.xctest */;
			productType = "com.apple.product-type.bundle.ui-testing";
		};
/* End PBXNativeTarget section */

/* Begin PBXProject section */
		6DEB2E8C22B4945E00D311C2 /* Project object */ = {
			isa = PBXProject;
			attributes = {
				LastSwiftUpdateCheck = 1010;
				LastUpgradeCheck = 1010;
				ORGANIZATIONNAME = "Rodrigo Miyashiro";
				TargetAttributes = {
					6DEB2E9322B4945E00D311C2 = {
						CreatedOnToolsVersion = 10.1;
					};
					6DEB2EA722B4945F00D311C2 = {
						CreatedOnToolsVersion = 10.1;
						TestTargetID = 6DEB2E9322B4945E00D311C2;
					};
					6DEB2EB222B4945F00D311C2 = {
						CreatedOnToolsVersion = 10.1;
						TestTargetID = 6DEB2E9322B4945E00D311C2;
					};
				};
			};
			buildConfigurationList = 6DEB2E8F22B4945E00D311C2 /* Build configuration list for PBXProject "CarLovers" */;
			compatibilityVersion = "Xcode 9.3";
			developmentRegion = en;
			hasScannedForEncodings = 0;
			knownRegions = (
				en,
				Base,
			);
			mainGroup = 6DEB2E8B22B4945E00D311C2;
			productRefGroup = 6DEB2E9522B4945E00D311C2 /* Products */;
			projectDirPath = "";
			projectRoot = "";
			targets = (
				6DEB2E9322B4945E00D311C2 /* CarLovers */,
				6DEB2EA722B4945F00D311C2 /* CarLoversTests */,
				6DEB2EB222B4945F00D311C2 /* CarLoversUITests */,
			);
		};
/* End PBXProject section */

/* Begin PBXResourcesBuildPhase section */
		6DEB2E9222B4945E00D311C2 /* Resources */ = {
			isa = PBXResourcesBuildPhase;
			buildActionMask = 2147483647;
			files = (
				6DEB2EA222B4945F00D311C2 /* LaunchScreen.storyboard in Resources */,
				6DEB2E9F22B4945F00D311C2 /* Assets.xcassets in Resources */,
				6DEB2E9D22B4945E00D311C2 /* Main.storyboard in Resources */,
			);
			runOnlyForDeploymentPostprocessing = 0;
		};
		6DEB2EA622B4945F00D311C2 /* Resources */ = {
			isa = PBXResourcesBuildPhase;
			buildActionMask = 2147483647;
			files = (
			);
			runOnlyForDeploymentPostprocessing = 0;
		};
		6DEB2EB122B4945F00D311C2 /* Resources */ = {
			isa = PBXResourcesBuildPhase;
			buildActionMask = 2147483647;
			files = (
			);
			runOnlyForDeploymentPostprocessing = 0;
		};
/* End PBXResourcesBuildPhase section */

/* Begin PBXSourcesBuildPhase section */
		6DEB2E9022B4945E00D311C2 /* Sources */ = {
			isa = PBXSourcesBuildPhase;
			buildActionMask = 2147483647;
			files = (
				6DEB2E9A22B4945E00D311C2 /* ViewController.swift in Sources */,
				6DEB2E9822B4945E00D311C2 /* AppDelegate.swift in Sources */,
			);
			runOnlyForDeploymentPostprocessing = 0;
		};
		6DEB2EA422B4945F00D311C2 /* Sources */ = {
			isa = PBXSourcesBuildPhase;
			buildActionMask = 2147483647;
			files = (
				6DEB2EAD22B4945F00D311C2 /* CarLoversTests.swift in Sources */,
			);
			runOnlyForDeploymentPostprocessing = 0;
		};
		6DEB2EAF22B4945F00D311C2 /* Sources */ = {
			isa = PBXSourcesBuildPhase;
			buildActionMask = 2147483647;
			files = (
				6DEB2EB822B4945F00D311C2 /* CarLoversUITests.swift in Sources */,
			);
			runOnlyForDeploymentPostprocessing = 0;
		};
/* End PBXSourcesBuildPhase section */

/* Begin PBXTargetDependency section */
		6DEB2EAA22B4945F00D311C2 /* PBXTargetDependency */ = {
			isa = PBXTargetDependency;
			target = 6DEB2E9322B4945E00D311C2 /* CarLovers */;
			targetProxy = 6DEB2EA922B4945F00D311C2 /* PBXContainerItemProxy */;
		};
		6DEB2EB522B4945F00D311C2 /* PBXTargetDependency */ = {
			isa = PBXTargetDependency;
			target = 6DEB2E9322B4945E00D311C2 /* CarLovers */;
			targetProxy = 6DEB2EB422B4945F00D311C2 /* PBXContainerItemProxy */;
		};
/* End PBXTargetDependency section */

/* Begin PBXVariantGroup section */
		6DEB2E9B22B4945E00D311C2 /* Main.storyboard */ = {
			isa = PBXVariantGroup;
			children = (
				6DEB2E9C22B4945E00D311C2 /* Base */,
			);
			name = Main.storyboard;
			sourceTree = "<group>";
		};
		6DEB2EA022B4945F00D311C2 /* LaunchScreen.storyboard */ = {
			isa = PBXVariantGroup;
			children = (
				6DEB2EA122B4945F00D311C2 /* Base */,
			);
			name = LaunchScreen.storyboard;
			sourceTree = "<group>";
		};
/* End PBXVariantGroup section */

/* Begin XCBuildConfiguration section */
		6DEB2EBA22B4945F00D311C2 /* Debug */ = {
			isa = XCBuildConfiguration;
			buildSettings = {
				ALWAYS_SEARCH_USER_PATHS = NO;
				CLANG_ANALYZER_NONNULL = YES;
				CLANG_ANALYZER_NUMBER_OBJECT_CONVERSION = YES_AGGRESSIVE;
				CLANG_CXX_LANGUAGE_STANDARD = "gnu++14";
				CLANG_CXX_LIBRARY = "libc++";
				CLANG_ENABLE_MODULES = YES;
				CLANG_ENABLE_OBJC_ARC = YES;
				CLANG_ENABLE_OBJC_WEAK = YES;
				CLANG_WARN_BLOCK_CAPTURE_AUTORELEASING = YES;
				CLANG_WARN_BOOL_CONVERSION = YES;
				CLANG_WARN_COMMA = YES;
				CLANG_WARN_CONSTANT_CONVERSION = YES;
				CLANG_WARN_DEPRECATED_OBJC_IMPLEMENTATIONS = YES;
				CLANG_WARN_DIRECT_OBJC_ISA_USAGE = YES_ERROR;
				CLANG_WARN_DOCUMENTATION_COMMENTS = YES;
				CLANG_WARN_EMPTY_BODY = YES;
				CLANG_WARN_ENUM_CONVERSION = YES;
				CLANG_WARN_INFINITE_RECURSION = YES;
				CLANG_WARN_INT_CONVERSION = YES;
				CLANG_WARN_NON_LITERAL_NULL_CONVERSION = YES;
				CLANG_WARN_OBJC_IMPLICIT_RETAIN_SELF = YES;
				CLANG_WARN_OBJC_LITERAL_CONVERSION = YES;
				CLANG_WARN_OBJC_ROOT_CLASS = YES_ERROR;
				CLANG_WARN_RANGE_LOOP_ANALYSIS = YES;
				CLANG_WARN_STRICT_PROTOTYPES = YES;
				CLANG_WARN_SUSPICIOUS_MOVE = YES;
				CLANG_WARN_UNGUARDED_AVAILABILITY = YES_AGGRESSIVE;
				CLANG_WARN_UNREACHABLE_CODE = YES;
				CLANG_WARN__DUPLICATE_METHOD_MATCH = YES;
				CODE_SIGN_IDENTITY = "iPhone Developer";
				COPY_PHASE_STRIP = NO;
				DEBUG_INFORMATION_FORMAT = dwarf;
				ENABLE_STRICT_OBJC_MSGSEND = YES;
				ENABLE_TESTABILITY = YES;
				GCC_C_LANGUAGE_STANDARD = gnu11;
				GCC_DYNAMIC_NO_PIC = NO;
				GCC_NO_COMMON_BLOCKS = YES;
				GCC_OPTIMIZATION_LEVEL = 0;
				GCC_PREPROCESSOR_DEFINITIONS = (
					"DEBUG=1",
					"$(inherited)",
				);
				GCC_WARN_64_TO_32_BIT_CONVERSION = YES;
				GCC_WARN_ABOUT_RETURN_TYPE = YES_ERROR;
				GCC_WARN_UNDECLARED_SELECTOR = YES;
				GCC_WARN_UNINITIALIZED_AUTOS = YES_AGGRESSIVE;
				GCC_WARN_UNUSED_FUNCTION = YES;
				GCC_WARN_UNUSED_VARIABLE = YES;
				IPHONEOS_DEPLOYMENT_TARGET = 12.1;
				MTL_ENABLE_DEBUG_INFO = INCLUDE_SOURCE;
				MTL_FAST_MATH = YES;
				ONLY_ACTIVE_ARCH = YES;
				SDKROOT = iphoneos;
				SWIFT_ACTIVE_COMPILATION_CONDITIONS = DEBUG;
				SWIFT_OPTIMIZATION_LEVEL = "-Onone";
			};
			name = Debug;
		};
		6DEB2EBB22B4945F00D311C2 /* Release */ = {
			isa = XCBuildConfiguration;
			buildSettings = {
				ALWAYS_SEARCH_USER_PATHS = NO;
				CLANG_ANALYZER_NONNULL = YES;
				CLANG_ANALYZER_NUMBER_OBJECT_CONVERSION = YES_AGGRESSIVE;
				CLANG_CXX_LANGUAGE_STANDARD = "gnu++14";
				CLANG_CXX_LIBRARY = "libc++";
				CLANG_ENABLE_MODULES = YES;
				CLANG_ENABLE_OBJC_ARC = YES;
				CLANG_ENABLE_OBJC_WEAK = YES;
				CLANG_WARN_BLOCK_CAPTURE_AUTORELEASING = YES;
				CLANG_WARN_BOOL_CONVERSION = YES;
				CLANG_WARN_COMMA = YES;
				CLANG_WARN_CONSTANT_CONVERSION = YES;
				CLANG_WARN_DEPRECATED_OBJC_IMPLEMENTATIONS = YES;
				CLANG_WARN_DIRECT_OBJC_ISA_USAGE = YES_ERROR;
				CLANG_WARN_DOCUMENTATION_COMMENTS = YES;
				CLANG_WARN_EMPTY_BODY = YES;
				CLANG_WARN_ENUM_CONVERSION = YES;
				CLANG_WARN_INFINITE_RECURSION = YES;
				CLANG_WARN_INT_CONVERSION = YES;
				CLANG_WARN_NON_LITERAL_NULL_CONVERSION = YES;
				CLANG_WARN_OBJC_IMPLICIT_RETAIN_SELF = YES;
				CLANG_WARN_OBJC_LITERAL_CONVERSION = YES;
				CLANG_WARN_OBJC_ROOT_CLASS = YES_ERROR;
				CLANG_WARN_RANGE_LOOP_ANALYSIS = YES;
				CLANG_WARN_STRICT_PROTOTYPES = YES;
				CLANG_WARN_SUSPICIOUS_MOVE = YES;
				CLANG_WARN_UNGUARDED_AVAILABILITY = YES_AGGRESSIVE;
				CLANG_WARN_UNREACHABLE_CODE = YES;
				CLANG_WARN__DUPLICATE_METHOD_MATCH = YES;
				CODE_SIGN_IDENTITY = "iPhone Developer";
				COPY_PHASE_STRIP = NO;
				DEBUG_INFORMATION_FORMAT = "dwarf-with-dsym";
				ENABLE_NS_ASSERTIONS = NO;
				ENABLE_STRICT_OBJC_MSGSEND = YES;
				GCC_C_LANGUAGE_STANDARD = gnu11;
				GCC_NO_COMMON_BLOCKS = YES;
				GCC_WARN_64_TO_32_BIT_CONVERSION = YES;
				GCC_WARN_ABOUT_RETURN_TYPE = YES_ERROR;
				GCC_WARN_UNDECLARED_SELECTOR = YES;
				GCC_WARN_UNINITIALIZED_AUTOS = YES_AGGRESSIVE;
				GCC_WARN_UNUSED_FUNCTION = YES;
				GCC_WARN_UNUSED_VARIABLE = YES;
				IPHONEOS_DEPLOYMENT_TARGET = 12.1;
				MTL_ENABLE_DEBUG_INFO = NO;
				MTL_FAST_MATH = YES;
				SDKROOT = iphoneos;
				SWIFT_COMPILATION_MODE = wholemodule;
				SWIFT_OPTIMIZATION_LEVEL = "-O";
				VALIDATE_PRODUCT = YES;
			};
			name = Release;
		};
		6DEB2EBD22B4945F00D311C2 /* Debug */ = {
			isa = XCBuildConfiguration;
			buildSettings = {
				ASSETCATALOG_COMPILER_APPICON_NAME = AppIcon;
				CODE_SIGN_STYLE = Automatic;
				DEVELOPMENT_TEAM = 4DRM7LH39Z;
				INFOPLIST_FILE = CarLovers/Info.plist;
				LD_RUNPATH_SEARCH_PATHS = (
					"$(inherited)",
					"@executable_path/Frameworks",
				);
				PRODUCT_BUNDLE_IDENTIFIER = br.com.rmdevwork.CarLovers;
				PRODUCT_NAME = "$(TARGET_NAME)";
				SWIFT_VERSION = 4.2;
				TARGETED_DEVICE_FAMILY = "1,2";
			};
			name = Debug;
		};
		6DEB2EBE22B4945F00D311C2 /* Release */ = {
			isa = XCBuildConfiguration;
			buildSettings = {
				ASSETCATALOG_COMPILER_APPICON_NAME = AppIcon;
				CODE_SIGN_STYLE = Automatic;
				DEVELOPMENT_TEAM = 4DRM7LH39Z;
				INFOPLIST_FILE = CarLovers/Info.plist;
				LD_RUNPATH_SEARCH_PATHS = (
					"$(inherited)",
					"@executable_path/Frameworks",
				);
				PRODUCT_BUNDLE_IDENTIFIER = br.com.rmdevwork.CarLovers;
				PRODUCT_NAME = "$(TARGET_NAME)";
				SWIFT_VERSION = 4.2;
				TARGETED_DEVICE_FAMILY = "1,2";
			};
			name = Release;
		};
		6DEB2EC022B4945F00D311C2 /* Debug */ = {
			isa = XCBuildConfiguration;
			buildSettings = {
				ALWAYS_EMBED_SWIFT_STANDARD_LIBRARIES = YES;
				BUNDLE_LOADER = "$(TEST_HOST)";
				CODE_SIGN_STYLE = Automatic;
				DEVELOPMENT_TEAM = 4DRM7LH39Z;
				INFOPLIST_FILE = CarLoversTests/Info.plist;
				LD_RUNPATH_SEARCH_PATHS = (
					"$(inherited)",
					"@executable_path/Frameworks",
					"@loader_path/Frameworks",
				);
				PRODUCT_BUNDLE_IDENTIFIER = br.com.rmdevwork.CarLoversTests;
				PRODUCT_NAME = "$(TARGET_NAME)";
				SWIFT_VERSION = 4.2;
				TARGETED_DEVICE_FAMILY = "1,2";
				TEST_HOST = "$(BUILT_PRODUCTS_DIR)/CarLovers.app/CarLovers";
			};
			name = Debug;
		};
		6DEB2EC122B4945F00D311C2 /* Release */ = {
			isa = XCBuildConfiguration;
			buildSettings = {
				ALWAYS_EMBED_SWIFT_STANDARD_LIBRARIES = YES;
				BUNDLE_LOADER = "$(TEST_HOST)";
				CODE_SIGN_STYLE = Automatic;
				DEVELOPMENT_TEAM = 4DRM7LH39Z;
				INFOPLIST_FILE = CarLoversTests/Info.plist;
				LD_RUNPATH_SEARCH_PATHS = (
					"$(inherited)",
					"@executable_path/Frameworks",
					"@loader_path/Frameworks",
				);
				PRODUCT_BUNDLE_IDENTIFIER = br.com.rmdevwork.CarLoversTests;
				PRODUCT_NAME = "$(TARGET_NAME)";
				SWIFT_VERSION = 4.2;
				TARGETED_DEVICE_FAMILY = "1,2";
				TEST_HOST = "$(BUILT_PRODUCTS_DIR)/CarLovers.app/CarLovers";
			};
			name = Release;
		};
		6DEB2EC322B4945F00D311C2 /* Debug */ = {
			isa = XCBuildConfiguration;
			buildSettings = {
				ALWAYS_EMBED_SWIFT_STANDARD_LIBRARIES = YES;
				CODE_SIGN_STYLE = Automatic;
				DEVELOPMENT_TEAM = 4DRM7LH39Z;
				INFOPLIST_FILE = CarLoversUITests/Info.plist;
				LD_RUNPATH_SEARCH_PATHS = (
					"$(inherited)",
					"@executable_path/Frameworks",
					"@loader_path/Frameworks",
				);
				PRODUCT_BUNDLE_IDENTIFIER = br.com.rmdevwork.CarLoversUITests;
				PRODUCT_NAME = "$(TARGET_NAME)";
				SWIFT_VERSION = 4.2;
				TARGETED_DEVICE_FAMILY = "1,2";
				TEST_TARGET_NAME = CarLovers;
			};
			name = Debug;
		};
		6DEB2EC422B4945F00D311C2 /* Release */ = {
			isa = XCBuildConfiguration;
			buildSettings = {
				ALWAYS_EMBED_SWIFT_STANDARD_LIBRARIES = YES;
				CODE_SIGN_STYLE = Automatic;
				DEVELOPMENT_TEAM = 4DRM7LH39Z;
				INFOPLIST_FILE = CarLoversUITests/Info.plist;
				LD_RUNPATH_SEARCH_PATHS = (
					"$(inherited)",
					"@executable_path/Frameworks",
					"@loader_path/Frameworks",
				);
				PRODUCT_BUNDLE_IDENTIFIER = br.com.rmdevwork.CarLoversUITests;
				PRODUCT_NAME = "$(TARGET_NAME)";
				SWIFT_VERSION = 4.2;
				TARGETED_DEVICE_FAMILY = "1,2";
				TEST_TARGET_NAME = CarLovers;
			};
			name = Release;
		};
/* End XCBuildConfiguration section */

/* Begin XCConfigurationList section */
		6DEB2E8F22B4945E00D311C2 /* Build configuration list for PBXProject "CarLovers" */ = {
			isa = XCConfigurationList;
			buildConfigurations = (
				6DEB2EBA22B4945F00D311C2 /* Debug */,
				6DEB2EBB22B4945F00D311C2 /* Release */,
			);
			defaultConfigurationIsVisible = 0;
			defaultConfigurationName = Release;
		};
		6DEB2EBC22B4945F00D311C2 /* Build configuration list for PBXNativeTarget "CarLovers" */ = {
			isa = XCConfigurationList;
			buildConfigurations = (
				6DEB2EBD22B4945F00D311C2 /* Debug */,
				6DEB2EBE22B4945F00D311C2 /* Release */,
			);
			defaultConfigurationIsVisible = 0;
			defaultConfigurationName = Release;
		};
		6DEB2EBF22B4945F00D311C2 /* Build configuration list for PBXNativeTarget "CarLoversTests" */ = {
			isa = XCConfigurationList;
			buildConfigurations = (
				6DEB2EC022B4945F00D311C2 /* Debug */,
				6DEB2EC122B4945F00D311C2 /* Release */,
			);
			defaultConfigurationIsVisible = 0;
			defaultConfigurationName = Release;
		};
		6DEB2EC222B4945F00D311C2 /* Build configuration list for PBXNativeTarget "CarLoversUITests" */ = {
			isa = XCConfigurationList;
			buildConfigurations = (
				6DEB2EC322B4945F00D311C2 /* Debug */,
				6DEB2EC422B4945F00D311C2 /* Release */,
			);
			defaultConfigurationIsVisible = 0;
			defaultConfigurationName = Release;
		};
/* End XCConfigurationList section */
	};
	rootObject = 6DEB2E8C22B4945E00D311C2 /* Project object */;
}
